
Microsoft Visual Studio Solution File, Format Version 12.00
# Visual Studio Version 17
VisualStudioVersion = 17.10.34928.147
MinimumVisualStudioVersion = 10.0.40219.1
Project("{FAE04EC0-301F-11D3-BF4B-00C04F79EFBC}") = "Modern Enigma", "Modern Enigma\Modern Enigma.csproj", "{0CE8560A-438C-4A2F-9D13-1CD483D65D37}"
EndProject
Global
	GlobalSection(SolutionConfigurationPlatforms) = preSolution
		Debug|Any CPU = Debug|Any CPU
		Release|Any CPU = Release|Any CPU
	EndGlobalSection
	GlobalSection(ProjectConfigurationPlatforms) = postSolution
		{0CE8560A-438C-4A2F-9D13-1CD483D65D37}.Debug|Any CPU.ActiveCfg = Debug|Any CPU
		{0CE8560A-438C-4A2F-9D13-1CD483D65D37}.Debug|Any CPU.Build.0 = Debug|Any CPU
		{0CE8560A-438C-4A2F-9D13-1CD483D65D37}.Release|Any CPU.ActiveCfg = Release|Any CPU
		{0CE8560A-438C-4A2F-9D13-1CD483D65D37}.Release|Any CPU.Build.0 = Release|Any CPU
	EndGlobalSection
	GlobalSection(SolutionProperties) = preSolution
		HideSolutionNode = FALSE
	EndGlobalSection
	GlobalSection(ExtensibilityGlobals) = postSolution
		SolutionGuid = {63B7177E-8C18-47EA-9CB8-DD3EAE813D4F}
	EndGlobalSection
EndGlobal
